<?xml version="1.0" encoding="utf-8"?>
<Project ToolsVersion="4.0" xmlns="http://schemas.microsoft.com/developer/msbuild/2003">
  <ItemGroup>
    <Filter Include="Library Private Headers">
      <UniqueIdentifier>{d9e80e9e-2935-4fd9-9be1-23c9267f0d72}</UniqueIdentifier>
    </Filter>
    <Filter Include="Library Public Headers">
      <UniqueIdentifier>{3369e7e7-0ef5-4a9a-8480-1f65f63c92fc}</UniqueIdentifier>
    </Filter>
    <Filter Include="Library Sources">
      <UniqueIdentifier>{faaf7dd6-c2c9-4a86-aee0-f327599b1100}</UniqueIdentifier>
    </Filter>
  </ItemGroup>
  <ItemGroup>
    <ClInclude Include="..\..\src\hashtable.h">
      <Filter>Library Private Headers</Filter>
    </ClInclude>
    <ClInclude Include="..\..\src\jansson_private.h">
      <Filter>Library Private Headers</Filter>
    </ClInclude>
    <ClInclude Include="..\..\src\strbuffer.h">
      <Filter>Library Private Headers</Filter>
    </ClInclude>
    <ClInclude Include="..\..\src\utf.h">
      <Filter>Library Private Headers</Filter>
    </ClInclude>
    <ClInclude Include="..\..\build\private_include\jansson_private_config.h">
      <Filter>Library Private Headers</Filter>
    </ClInclude>
    <ClInclude Include="..\..\build\include\jansson_config.h">
      <Filter>Library Public Headers</Filter>
    </ClInclude>
    <ClInclude Include="..\..\src\jansson.h">
      <Filter>Library Public Headers</Filter>
    </ClInclude>
  </ItemGroup>
  <ItemGroup>
    <ClCompile Include="..\..\src\dump.c">
      <Filter>Library Sources</Filter>
    </ClCompile>
    <ClCompile Include="..\..\src\error.c">
      <Filter>Library Sources</Filter>
    </ClCompile>
    <ClCompile Include="..\..\src\hashtable.c">
      <Filter>Library Sources</Filter>
    </ClCompile>
    <ClCompile Include="..\..\src\hashtable_seed.c">
      <Filter>Library Sources</Filter>
    </ClCompile>
    <ClCompile Include="..\..\src\load.c">
      <Filter>Library Sources</Filter>
    </ClCompile>
    <ClCompile Include="..\..\src\memory.c">
      <Filter>Library Sources</Filter>
    </ClCompile>
    <ClCompile Include="..\..\src\pack_unpack.c">
      <Filter>Library Sources</Filter>
    </ClCompile>
    <ClCompile Include="..\..\src\strbuffer.c">
      <Filter>Library Sources</Filter>
    </ClCompile>
    <ClCompile Include="..\..\src\strconv.c">
      <Filter>Library Sources</Filter>
    </ClCompile>
    <ClCompile Include="..\..\src\utf.c">
      <Filter>Library Sources</Filter>
    </ClCompile>
    <ClCompile Include="..\..\src\value.c">
      <Filter>Library Sources</Filter>
    </ClCompile>
  </ItemGroup>
  <ItemGroup>
    <CustomBuild Include="..\..\CMakeLists.txt" />
  </ItemGroup>
</Project>